// !$*UTF8*$!
{
	archiveVersion = 1;
	classes = {
	};
	objectVersion = 50;
	objects = {

/* Begin PBXBuildFile section */
		B4647DC7265E296B00D03372 /* DownloadByTwoCollectionViewController.swift in Sources */ = {isa = PBXBuildFile; fileRef = B4647DC6265E296B00D03372 /* DownloadByTwoCollectionViewController.swift */; };
		B4647DCC265E2A2200D03372 /* NetworkManager.swift in Sources */ = {isa = PBXBuildFile; fileRef = B4647DCB265E2A2200D03372 /* NetworkManager.swift */; };
		B49AF3BE264ADC7E004F5BB6 /* AppDelegate.swift in Sources */ = {isa = PBXBuildFile; fileRef = B49AF3BD264ADC7E004F5BB6 /* AppDelegate.swift */; };
		B49AF3C0264ADC7E004F5BB6 /* SceneDelegate.swift in Sources */ = {isa = PBXBuildFile; fileRef = B49AF3BF264ADC7E004F5BB6 /* SceneDelegate.swift */; };
		B49AF3C5264ADC7E004F5BB6 /* Main.storyboard in Resources */ = {isa = PBXBuildFile; fileRef = B49AF3C3264ADC7E004F5BB6 /* Main.storyboard */; };
		B49AF3C7264ADC7F004F5BB6 /* Assets.xcassets in Resources */ = {isa = PBXBuildFile; fileRef = B49AF3C6264ADC7F004F5BB6 /* Assets.xcassets */; };
		B49AF3CA264ADC7F004F5BB6 /* LaunchScreen.storyboard in Resources */ = {isa = PBXBuildFile; fileRef = B49AF3C8264ADC7F004F5BB6 /* LaunchScreen.storyboard */; };
		B49AF3D2264ADCDC004F5BB6 /* CarImageCollectionViewController.swift in Sources */ = {isa = PBXBuildFile; fileRef = B49AF3D1264ADCDC004F5BB6 /* CarImageCollectionViewController.swift */; };
		B49AF3D4264ADD6E004F5BB6 /* CarImages.plist in Resources */ = {isa = PBXBuildFile; fileRef = B49AF3D3264ADD6E004F5BB6 /* CarImages.plist */; };
		B49AF3E4264ADF60004F5BB6 /* CarImageCollectionViewControllerTests.swift in Sources */ = {isa = PBXBuildFile; fileRef = B49AF3E3264ADF60004F5BB6 /* CarImageCollectionViewControllerTests.swift */; };
		B49AF3E7264AE658004F5BB6 /* CarImageCollectionViewCell.swift in Sources */ = {isa = PBXBuildFile; fileRef = B49AF3E5264AE658004F5BB6 /* CarImageCollectionViewCell.swift */; };
		B49AF3E8264AE658004F5BB6 /* CarImageCollectionViewCell.xib in Resources */ = {isa = PBXBuildFile; fileRef = B49AF3E6264AE658004F5BB6 /* CarImageCollectionViewCell.xib */; };
		B4D6193A2654D663009AD07F /* CarImageOperation.swift in Sources */ = {isa = PBXBuildFile; fileRef = B4D619392654D663009AD07F /* CarImageOperation.swift */; };
		B4D6193D2654D89E009AD07F /* AsyncOperation.swift in Sources */ = {isa = PBXBuildFile; fileRef = B4D6193C2654D89E009AD07F /* AsyncOperation.swift */; };
		B4D6193F2654DB61009AD07F /* OperationCarCollectionViewController.swift in Sources */ = {isa = PBXBuildFile; fileRef = B4D6193E2654DB61009AD07F /* OperationCarCollectionViewController.swift */; };
/* End PBXBuildFile section */

/* Begin PBXContainerItemProxy section */
		B49AF3DE264ADF41004F5BB6 /* PBXContainerItemProxy */ = {
			isa = PBXContainerItemProxy;
			containerPortal = B49AF3B2264ADC7E004F5BB6 /* Project object */;
			proxyType = 1;
			remoteGlobalIDString = B49AF3B9264ADC7E004F5BB6;
			remoteInfo = CarImageCollections;
		};
/* End PBXContainerItemProxy section */

/* Begin PBXFileReference section */
		B4647DC6265E296B00D03372 /* DownloadByTwoCollectionViewController.swift */ = {isa = PBXFileReference; lastKnownFileType = sourcecode.swift; path = DownloadByTwoCollectionViewController.swift; sourceTree = "<group>"; };
		B4647DCB265E2A2200D03372 /* NetworkManager.swift */ = {isa = PBXFileReference; lastKnownFileType = sourcecode.swift; path = NetworkManager.swift; sourceTree = "<group>"; };
		B49AF3BA264ADC7E004F5BB6 /* CarImageCollections.app */ = {isa = PBXFileReference; explicitFileType = wrapper.application; includeInIndex = 0; path = CarImageCollections.app; sourceTree = BUILT_PRODUCTS_DIR; };
		B49AF3BD264ADC7E004F5BB6 /* AppDelegate.swift */ = {isa = PBXFileReference; lastKnownFileType = sourcecode.swift; path = AppDelegate.swift; sourceTree = "<group>"; };
		B49AF3BF264ADC7E004F5BB6 /* SceneDelegate.swift */ = {isa = PBXFileReference; lastKnownFileType = sourcecode.swift; path = SceneDelegate.swift; sourceTree = "<group>"; };
		B49AF3C4264ADC7E004F5BB6 /* Base */ = {isa = PBXFileReference; lastKnownFileType = file.storyboard; name = Base; path = Base.lproj/Main.storyboard; sourceTree = "<group>"; };
		B49AF3C6264ADC7F004F5BB6 /* Assets.xcassets */ = {isa = PBXFileReference; lastKnownFileType = folder.assetcatalog; path = Assets.xcassets; sourceTree = "<group>"; };
		B49AF3C9264ADC7F004F5BB6 /* Base */ = {isa = PBXFileReference; lastKnownFileType = file.storyboard; name = Base; path = Base.lproj/LaunchScreen.storyboard; sourceTree = "<group>"; };
		B49AF3CB264ADC7F004F5BB6 /* Info.plist */ = {isa = PBXFileReference; lastKnownFileType = text.plist.xml; path = Info.plist; sourceTree = "<group>"; };
		B49AF3D1264ADCDC004F5BB6 /* CarImageCollectionViewController.swift */ = {isa = PBXFileReference; lastKnownFileType = sourcecode.swift; path = CarImageCollectionViewController.swift; sourceTree = "<group>"; };
		B49AF3D3264ADD6E004F5BB6 /* CarImages.plist */ = {isa = PBXFileReference; lastKnownFileType = text.plist.xml; path = CarImages.plist; sourceTree = "<group>"; };
		B49AF3D9264ADF41004F5BB6 /* CarImageCollectionsTests.xctest */ = {isa = PBXFileReference; explicitFileType = wrapper.cfbundle; includeInIndex = 0; path = CarImageCollectionsTests.xctest; sourceTree = BUILT_PRODUCTS_DIR; };
		B49AF3DD264ADF41004F5BB6 /* Info.plist */ = {isa = PBXFileReference; lastKnownFileType = text.plist.xml; path = Info.plist; sourceTree = "<group>"; };
		B49AF3E3264ADF60004F5BB6 /* CarImageCollectionViewControllerTests.swift */ = {isa = PBXFileReference; lastKnownFileType = sourcecode.swift; path = CarImageCollectionViewControllerTests.swift; sourceTree = "<group>"; };
		B49AF3E5264AE658004F5BB6 /* CarImageCollectionViewCell.swift */ = {isa = PBXFileReference; lastKnownFileType = sourcecode.swift; path = CarImageCollectionViewCell.swift; sourceTree = "<group>"; };
		B49AF3E6264AE658004F5BB6 /* CarImageCollectionViewCell.xib */ = {isa = PBXFileReference; lastKnownFileType = file.xib; path = CarImageCollectionViewCell.xib; sourceTree = "<group>"; };
		B4D619392654D663009AD07F /* CarImageOperation.swift */ = {isa = PBXFileReference; lastKnownFileType = sourcecode.swift; path = CarImageOperation.swift; sourceTree = "<group>"; };
		B4D6193C2654D89E009AD07F /* AsyncOperation.swift */ = {isa = PBXFileReference; lastKnownFileType = sourcecode.swift; path = AsyncOperation.swift; sourceTree = "<group>"; };
		B4D6193E2654DB61009AD07F /* OperationCarCollectionViewController.swift */ = {isa = PBXFileReference; lastKnownFileType = sourcecode.swift; path = OperationCarCollectionViewController.swift; sourceTree = "<group>"; };
/* End PBXFileReference section */

/* Begin PBXFrameworksBuildPhase section */
		B49AF3B7264ADC7E004F5BB6 /* Frameworks */ = {
			isa = PBXFrameworksBuildPhase;
			buildActionMask = 2147483647;
			files = (
			);
			runOnlyForDeploymentPostprocessing = 0;
		};
		B49AF3D6264ADF41004F5BB6 /* Frameworks */ = {
			isa = PBXFrameworksBuildPhase;
			buildActionMask = 2147483647;
			files = (
			);
			runOnlyForDeploymentPostprocessing = 0;
		};
/* End PBXFrameworksBuildPhase section */

/* Begin PBXGroup section */
		B44E3D4E26556627002A2A51 /* GCD */ = {
			isa = PBXGroup;
			children = (
				B49AF3D1264ADCDC004F5BB6 /* CarImageCollectionViewController.swift */,
			);
			path = GCD;
			sourceTree = "<group>";
		};
		B44E3D4F26556635002A2A51 /* Views */ = {
			isa = PBXGroup;
			children = (
				B49AF3E5264AE658004F5BB6 /* CarImageCollectionViewCell.swift */,
				B49AF3E6264AE658004F5BB6 /* CarImageCollectionViewCell.xib */,
			);
			path = Views;
			sourceTree = "<group>";
		};
		B4647DC5265E294300D03372 /* DownloadImagesByTwo */ = {
			isa = PBXGroup;
			children = (
				B4647DC6265E296B00D03372 /* DownloadByTwoCollectionViewController.swift */,
			);
			path = DownloadImagesByTwo;
			sourceTree = "<group>";
		};
		B4647DC8265E2A0200D03372 /* Networking */ = {
			isa = PBXGroup;
			children = (
				B4647DCB265E2A2200D03372 /* NetworkManager.swift */,
			);
			path = Networking;
			sourceTree = "<group>";
		};
		B49AF3B1264ADC7E004F5BB6 = {
			isa = PBXGroup;
			children = (
				B49AF3BC264ADC7E004F5BB6 /* CarImageCollections */,
				B49AF3DA264ADF41004F5BB6 /* CarImageCollectionsTests */,
				B49AF3BB264ADC7E004F5BB6 /* Products */,
			);
			sourceTree = "<group>";
		};
		B49AF3BB264ADC7E004F5BB6 /* Products */ = {
			isa = PBXGroup;
			children = (
				B49AF3BA264ADC7E004F5BB6 /* CarImageCollections.app */,
				B49AF3D9264ADF41004F5BB6 /* CarImageCollectionsTests.xctest */,
			);
			name = Products;
			sourceTree = "<group>";
		};
		B49AF3BC264ADC7E004F5BB6 /* CarImageCollections */ = {
			isa = PBXGroup;
			children = (
				B4647DC8265E2A0200D03372 /* Networking */,
				B4647DC5265E294300D03372 /* DownloadImagesByTwo */,
				B44E3D4F26556635002A2A51 /* Views */,
				B44E3D4E26556627002A2A51 /* GCD */,
				B4D6193B2654D88E009AD07F /* Operations */,
				B49AF3BD264ADC7E004F5BB6 /* AppDelegate.swift */,
				B49AF3BF264ADC7E004F5BB6 /* SceneDelegate.swift */,
				B49AF3C3264ADC7E004F5BB6 /* Main.storyboard */,
				B49AF3C6264ADC7F004F5BB6 /* Assets.xcassets */,
				B49AF3C8264ADC7F004F5BB6 /* LaunchScreen.storyboard */,
				B49AF3CB264ADC7F004F5BB6 /* Info.plist */,
				B49AF3D3264ADD6E004F5BB6 /* CarImages.plist */,
			);
			path = CarImageCollections;
			sourceTree = "<group>";
		};
		B49AF3DA264ADF41004F5BB6 /* CarImageCollectionsTests */ = {
			isa = PBXGroup;
			children = (
				B49AF3DD264ADF41004F5BB6 /* Info.plist */,
				B49AF3E3264ADF60004F5BB6 /* CarImageCollectionViewControllerTests.swift */,
			);
			path = CarImageCollectionsTests;
			sourceTree = "<group>";
		};
		B4D6193B2654D88E009AD07F /* Operations */ = {
			isa = PBXGroup;
			children = (
				B4D6193E2654DB61009AD07F /* OperationCarCollectionViewController.swift */,
				B4D619392654D663009AD07F /* CarImageOperation.swift */,
				B4D6193C2654D89E009AD07F /* AsyncOperation.swift */,
			);
			path = Operations;
			sourceTree = "<group>";
		};
/* End PBXGroup section */

/* Begin PBXNativeTarget section */
		B49AF3B9264ADC7E004F5BB6 /* CarImageCollections */ = {
			isa = PBXNativeTarget;
			buildConfigurationList = B49AF3CE264ADC7F004F5BB6 /* Build configuration list for PBXNativeTarget "CarImageCollections" */;
			buildPhases = (
				B49AF3B6264ADC7E004F5BB6 /* Sources */,
				B49AF3B7264ADC7E004F5BB6 /* Frameworks */,
				B49AF3B8264ADC7E004F5BB6 /* Resources */,
			);
			buildRules = (
			);
			dependencies = (
			);
			name = CarImageCollections;
			productName = CarImageCollections;
			productReference = B49AF3BA264ADC7E004F5BB6 /* CarImageCollections.app */;
			productType = "com.apple.product-type.application";
		};
		B49AF3D8264ADF41004F5BB6 /* CarImageCollectionsTests */ = {
			isa = PBXNativeTarget;
			buildConfigurationList = B49AF3E0264ADF41004F5BB6 /* Build configuration list for PBXNativeTarget "CarImageCollectionsTests" */;
			buildPhases = (
				B49AF3D5264ADF41004F5BB6 /* Sources */,
				B49AF3D6264ADF41004F5BB6 /* Frameworks */,
				B49AF3D7264ADF41004F5BB6 /* Resources */,
			);
			buildRules = (
			);
			dependencies = (
				B49AF3DF264ADF41004F5BB6 /* PBXTargetDependency */,
			);
			name = CarImageCollectionsTests;
			productName = CarImageCollectionsTests;
			productReference = B49AF3D9264ADF41004F5BB6 /* CarImageCollectionsTests.xctest */;
			productType = "com.apple.product-type.bundle.unit-test";
		};
/* End PBXNativeTarget section */

/* Begin PBXProject section */
		B49AF3B2264ADC7E004F5BB6 /* Project object */ = {
			isa = PBXProject;
			attributes = {
				LastSwiftUpdateCheck = 1250;
				LastUpgradeCheck = 1250;
				TargetAttributes = {
					B49AF3B9264ADC7E004F5BB6 = {
						CreatedOnToolsVersion = 12.5;
					};
					B49AF3D8264ADF41004F5BB6 = {
						CreatedOnToolsVersion = 12.5;
						LastSwiftMigration = 1250;
						TestTargetID = B49AF3B9264ADC7E004F5BB6;
					};
				};
			};
			buildConfigurationList = B49AF3B5264ADC7E004F5BB6 /* Build configuration list for PBXProject "CarImageCollections" */;
			compatibilityVersion = "Xcode 9.3";
			developmentRegion = en;
			hasScannedForEncodings = 0;
			knownRegions = (
				en,
				Base,
			);
			mainGroup = B49AF3B1264ADC7E004F5BB6;
			productRefGroup = B49AF3BB264ADC7E004F5BB6 /* Products */;
			projectDirPath = "";
			projectRoot = "";
			targets = (
				B49AF3B9264ADC7E004F5BB6 /* CarImageCollections */,
				B49AF3D8264ADF41004F5BB6 /* CarImageCollectionsTests */,
			);
		};
/* End PBXProject section */

/* Begin PBXResourcesBuildPhase section */
		B49AF3B8264ADC7E004F5BB6 /* Resources */ = {
			isa = PBXResourcesBuildPhase;
			buildActionMask = 2147483647;
			files = (
				B49AF3E8264AE658004F5BB6 /* CarImageCollectionViewCell.xib in Resources */,
				B49AF3CA264ADC7F004F5BB6 /* LaunchScreen.storyboard in Resources */,
				B49AF3D4264ADD6E004F5BB6 /* CarImages.plist in Resources */,
				B49AF3C7264ADC7F004F5BB6 /* Assets.xcassets in Resources */,
				B49AF3C5264ADC7E004F5BB6 /* Main.storyboard in Resources */,
			);
			runOnlyForDeploymentPostprocessing = 0;
		};
		B49AF3D7264ADF41004F5BB6 /* Resources */ = {
			isa = PBXResourcesBuildPhase;
			buildActionMask = 2147483647;
			files = (
			);
			runOnlyForDeploymentPostprocessing = 0;
		};
/* End PBXResourcesBuildPhase section */

/* Begin PBXSourcesBuildPhase section */
		B49AF3B6264ADC7E004F5BB6 /* Sources */ = {
			isa = PBXSourcesBuildPhase;
			buildActionMask = 2147483647;
			files = (
				B4647DCC265E2A2200D03372 /* NetworkManager.swift in Sources */,
				B49AF3D2264ADCDC004F5BB6 /* CarImageCollectionViewController.swift in Sources */,
				B4D6193F2654DB61009AD07F /* OperationCarCollectionViewController.swift in Sources */,
				B49AF3BE264ADC7E004F5BB6 /* AppDelegate.swift in Sources */,
				B49AF3E7264AE658004F5BB6 /* CarImageCollectionViewCell.swift in Sources */,
				B49AF3C0264ADC7E004F5BB6 /* SceneDelegate.swift in Sources */,
				B4D6193D2654D89E009AD07F /* AsyncOperation.swift in Sources */,
				B4647DC7265E296B00D03372 /* DownloadByTwoCollectionViewController.swift in Sources */,
				B4D6193A2654D663009AD07F /* CarImageOperation.swift in Sources */,
			);
			runOnlyForDeploymentPostprocessing = 0;
		};
		B49AF3D5264ADF41004F5BB6 /* Sources */ = {
			isa = PBXSourcesBuildPhase;
			buildActionMask = 2147483647;
			files = (
				B49AF3E4264ADF60004F5BB6 /* CarImageCollectionViewControllerTests.swift in Sources */,
			);
			runOnlyForDeploymentPostprocessing = 0;
		};
/* End PBXSourcesBuildPhase section */

/* Begin PBXTargetDependency section */
		B49AF3DF264ADF41004F5BB6 /* PBXTargetDependency */ = {
			isa = PBXTargetDependency;
			target = B49AF3B9264ADC7E004F5BB6 /* CarImageCollections */;
			targetProxy = B49AF3DE264ADF41004F5BB6 /* PBXContainerItemProxy */;
		};
/* End PBXTargetDependency section */

/* Begin PBXVariantGroup section */
		B49AF3C3264ADC7E004F5BB6 /* Main.storyboard */ = {
			isa = PBXVariantGroup;
			children = (
				B49AF3C4264ADC7E004F5BB6 /* Base */,
			);
			name = Main.storyboard;
			sourceTree = "<group>";
		};
		B49AF3C8264ADC7F004F5BB6 /* LaunchScreen.storyboard */ = {
			isa = PBXVariantGroup;
			children = (
				B49AF3C9264ADC7F004F5BB6 /* Base */,
			);
			name = LaunchScreen.storyboard;
			sourceTree = "<group>";
		};
/* End PBXVariantGroup section */

/* Begin XCBuildConfiguration section */
		B49AF3CC264ADC7F004F5BB6 /* Debug */ = {
			isa = XCBuildConfiguration;
			buildSettings = {
				ALWAYS_SEARCH_USER_PATHS = NO;
				CLANG_ANALYZER_NONNULL = YES;
				CLANG_ANALYZER_NUMBER_OBJECT_CONVERSION = YES_AGGRESSIVE;
				CLANG_CXX_LANGUAGE_STANDARD = "gnu++14";
				CLANG_CXX_LIBRARY = "libc++";
				CLANG_ENABLE_MODULES = YES;
				CLANG_ENABLE_OBJC_ARC = YES;
				CLANG_ENABLE_OBJC_WEAK = YES;
				CLANG_WARN_BLOCK_CAPTURE_AUTORELEASING = YES;
				CLANG_WARN_BOOL_CONVERSION = YES;
				CLANG_WARN_COMMA = YES;
				CLANG_WARN_CONSTANT_CONVERSION = YES;
				CLANG_WARN_DEPRECATED_OBJC_IMPLEMENTATIONS = YES;
				CLANG_WARN_DIRECT_OBJC_ISA_USAGE = YES_ERROR;
				CLANG_WARN_DOCUMENTATION_COMMENTS = YES;
				CLANG_WARN_EMPTY_BODY = YES;
				CLANG_WARN_ENUM_CONVERSION = YES;
				CLANG_WARN_INFINITE_RECURSION = YES;
				CLANG_WARN_INT_CONVERSION = YES;
				CLANG_WARN_NON_LITERAL_NULL_CONVERSION = YES;
				CLANG_WARN_OBJC_IMPLICIT_RETAIN_SELF = YES;
				CLANG_WARN_OBJC_LITERAL_CONVERSION = YES;
				CLANG_WARN_OBJC_ROOT_CLASS = YES_ERROR;
				CLANG_WARN_QUOTED_INCLUDE_IN_FRAMEWORK_HEADER = YES;
				CLANG_WARN_RANGE_LOOP_ANALYSIS = YES;
				CLANG_WARN_STRICT_PROTOTYPES = YES;
				CLANG_WARN_SUSPICIOUS_MOVE = YES;
				CLANG_WARN_UNGUARDED_AVAILABILITY = YES_AGGRESSIVE;
				CLANG_WARN_UNREACHABLE_CODE = YES;
				CLANG_WARN__DUPLICATE_METHOD_MATCH = YES;
				COPY_PHASE_STRIP = NO;
				DEBUG_INFORMATION_FORMAT = dwarf;
				ENABLE_STRICT_OBJC_MSGSEND = YES;
				ENABLE_TESTABILITY = YES;
				GCC_C_LANGUAGE_STANDARD = gnu11;
				GCC_DYNAMIC_NO_PIC = NO;
				GCC_NO_COMMON_BLOCKS = YES;
				GCC_OPTIMIZATION_LEVEL = 0;
				GCC_PREPROCESSOR_DEFINITIONS = (
					"DEBUG=1",
					"$(inherited)",
				);
				GCC_WARN_64_TO_32_BIT_CONVERSION = YES;
				GCC_WARN_ABOUT_RETURN_TYPE = YES_ERROR;
				GCC_WARN_UNDECLARED_SELECTOR = YES;
				GCC_WARN_UNINITIALIZED_AUTOS = YES_AGGRESSIVE;
				GCC_WARN_UNUSED_FUNCTION = YES;
				GCC_WARN_UNUSED_VARIABLE = YES;
				IPHONEOS_DEPLOYMENT_TARGET = 14.5;
				MTL_ENABLE_DEBUG_INFO = INCLUDE_SOURCE;
				MTL_FAST_MATH = YES;
				ONLY_ACTIVE_ARCH = YES;
				SDKROOT = iphoneos;
				SWIFT_ACTIVE_COMPILATION_CONDITIONS = DEBUG;
				SWIFT_OPTIMIZATION_LEVEL = "-Onone";
			};
			name = Debug;
		};
		B49AF3CD264ADC7F004F5BB6 /* Release */ = {
			isa = XCBuildConfiguration;
			buildSettings = {
				ALWAYS_SEARCH_USER_PATHS = NO;
				CLANG_ANALYZER_NONNULL = YES;
				CLANG_ANALYZER_NUMBER_OBJECT_CONVERSION = YES_AGGRESSIVE;
				CLANG_CXX_LANGUAGE_STANDARD = "gnu++14";
				CLANG_CXX_LIBRARY = "libc++";
				CLANG_ENABLE_MODULES = YES;
				CLANG_ENABLE_OBJC_ARC = YES;
				CLANG_ENABLE_OBJC_WEAK = YES;
				CLANG_WARN_BLOCK_CAPTURE_AUTORELEASING = YES;
				CLANG_WARN_BOOL_CONVERSION = YES;
				CLANG_WARN_COMMA = YES;
				CLANG_WARN_CONSTANT_CONVERSION = YES;
				CLANG_WARN_DEPRECATED_OBJC_IMPLEMENTATIONS = YES;
				CLANG_WARN_DIRECT_OBJC_ISA_USAGE = YES_ERROR;
				CLANG_WARN_DOCUMENTATION_COMMENTS = YES;
				CLANG_WARN_EMPTY_BODY = YES;
				CLANG_WARN_ENUM_CONVERSION = YES;
				CLANG_WARN_INFINITE_RECURSION = YES;
				CLANG_WARN_INT_CONVERSION = YES;
				CLANG_WARN_NON_LITERAL_NULL_CONVERSION = YES;
				CLANG_WARN_OBJC_IMPLICIT_RETAIN_SELF = YES;
				CLANG_WARN_OBJC_LITERAL_CONVERSION = YES;
				CLANG_WARN_OBJC_ROOT_CLASS = YES_ERROR;
				CLANG_WARN_QUOTED_INCLUDE_IN_FRAMEWORK_HEADER = YES;
				CLANG_WARN_RANGE_LOOP_ANALYSIS = YES;
				CLANG_WARN_STRICT_PROTOTYPES = YES;
				CLANG_WARN_SUSPICIOUS_MOVE = YES;
				CLANG_WARN_UNGUARDED_AVAILABILITY = YES_AGGRESSIVE;
				CLANG_WARN_UNREACHABLE_CODE = YES;
				CLANG_WARN__DUPLICATE_METHOD_MATCH = YES;
				COPY_PHASE_STRIP = NO;
				DEBUG_INFORMATION_FORMAT = "dwarf-with-dsym";
				ENABLE_NS_ASSERTIONS = NO;
				ENABLE_STRICT_OBJC_MSGSEND = YES;
				GCC_C_LANGUAGE_STANDARD = gnu11;
				GCC_NO_COMMON_BLOCKS = YES;
				GCC_WARN_64_TO_32_BIT_CONVERSION = YES;
				GCC_WARN_ABOUT_RETURN_TYPE = YES_ERROR;
				GCC_WARN_UNDECLARED_SELECTOR = YES;
				GCC_WARN_UNINITIALIZED_AUTOS = YES_AGGRESSIVE;
				GCC_WARN_UNUSED_FUNCTION = YES;
				GCC_WARN_UNUSED_VARIABLE = YES;
				IPHONEOS_DEPLOYMENT_TARGET = 14.5;
				MTL_ENABLE_DEBUG_INFO = NO;
				MTL_FAST_MATH = YES;
				SDKROOT = iphoneos;
				SWIFT_COMPILATION_MODE = wholemodule;
				SWIFT_OPTIMIZATION_LEVEL = "-O";
				VALIDATE_PRODUCT = YES;
			};
			name = Release;
		};
		B49AF3CF264ADC7F004F5BB6 /* Debug */ = {
			isa = XCBuildConfiguration;
			buildSettings = {
				ASSETCATALOG_COMPILER_APPICON_NAME = AppIcon;
				ASSETCATALOG_COMPILER_GLOBAL_ACCENT_COLOR_NAME = AccentColor;
				CODE_SIGN_STYLE = Automatic;
				DEVELOPMENT_TEAM = SK9D9HK9A2;
				INFOPLIST_FILE = CarImageCollections/Info.plist;
				LD_RUNPATH_SEARCH_PATHS = (
					"$(inherited)",
					"@executable_path/Frameworks",
				);
				PRODUCT_BUNDLE_IDENTIFIER = com.howift.CarImageCollections;
				PRODUCT_NAME = "$(TARGET_NAME)";
				SWIFT_VERSION = 5.0;
				TARGETED_DEVICE_FAMILY = "1,2";
			};
			name = Debug;
		};
		B49AF3D0264ADC7F004F5BB6 /* Release */ = {
			isa = XCBuildConfiguration;
			buildSettings = {
				ASSETCATALOG_COMPILER_APPICON_NAME = AppIcon;
				ASSETCATALOG_COMPILER_GLOBAL_ACCENT_COLOR_NAME = AccentColor;
				CODE_SIGN_STYLE = Automatic;
				DEVELOPMENT_TEAM = SK9D9HK9A2;
				INFOPLIST_FILE = CarImageCollections/Info.plist;
				LD_RUNPATH_SEARCH_PATHS = (
					"$(inherited)",
					"@executable_path/Frameworks",
				);
				PRODUCT_BUNDLE_IDENTIFIER = com.howift.CarImageCollections;
				PRODUCT_NAME = "$(TARGET_NAME)";
				SWIFT_VERSION = 5.0;
				TARGETED_DEVICE_FAMILY = "1,2";
			};
			name = Release;
		};
		B49AF3E1264ADF41004F5BB6 /* Debug */ = {
			isa = XCBuildConfiguration;
			buildSettings = {
				BUNDLE_LOADER = "$(TEST_HOST)";
				CLANG_ENABLE_MODULES = YES;
				CODE_SIGN_STYLE = Automatic;
				DEVELOPMENT_TEAM = SK9D9HK9A2;
				INFOPLIST_FILE = CarImageCollectionsTests/Info.plist;
				LD_RUNPATH_SEARCH_PATHS = (
					"$(inherited)",
					"@executable_path/Frameworks",
					"@loader_path/Frameworks",
				);
				PRODUCT_BUNDLE_IDENTIFIER = com.howift.CarImageCollectionsTests;
				PRODUCT_NAME = "$(TARGET_NAME)";
				SWIFT_OPTIMIZATION_LEVEL = "-Onone";
				SWIFT_VERSION = 5.0;
				TARGETED_DEVICE_FAMILY = "1,2";
				TEST_HOST = "$(BUILT_PRODUCTS_DIR)/CarImageCollections.app/CarImageCollections";
			};
			name = Debug;
		};
		B49AF3E2264ADF41004F5BB6 /* Release */ = {
			isa = XCBuildConfiguration;
			buildSettings = {
				BUNDLE_LOADER = "$(TEST_HOST)";
				CLANG_ENABLE_MODULES = YES;
				CODE_SIGN_STYLE = Automatic;
				DEVELOPMENT_TEAM = SK9D9HK9A2;
				INFOPLIST_FILE = CarImageCollectionsTests/Info.plist;
				LD_RUNPATH_SEARCH_PATHS = (
					"$(inherited)",
					"@executable_path/Frameworks",
					"@loader_path/Frameworks",
				);
				PRODUCT_BUNDLE_IDENTIFIER = com.howift.CarImageCollectionsTests;
				PRODUCT_NAME = "$(TARGET_NAME)";
				SWIFT_VERSION = 5.0;
				TARGETED_DEVICE_FAMILY = "1,2";
				TEST_HOST = "$(BUILT_PRODUCTS_DIR)/CarImageCollections.app/CarImageCollections";
			};
			name = Release;
		};
/* End XCBuildConfiguration section */

/* Begin XCConfigurationList section */
		B49AF3B5264ADC7E004F5BB6 /* Build configuration list for PBXProject "CarImageCollections" */ = {
			isa = XCConfigurationList;
			buildConfigurations = (
				B49AF3CC264ADC7F004F5BB6 /* Debug */,
				B49AF3CD264ADC7F004F5BB6 /* Release */,
			);
			defaultConfigurationIsVisible = 0;
			defaultConfigurationName = Release;
		};
		B49AF3CE264ADC7F004F5BB6 /* Build configuration list for PBXNativeTarget "CarImageCollections" */ = {
			isa = XCConfigurationList;
			buildConfigurations = (
				B49AF3CF264ADC7F004F5BB6 /* Debug */,
				B49AF3D0264ADC7F004F5BB6 /* Release */,
			);
			defaultConfigurationIsVisible = 0;
			defaultConfigurationName = Release;
		};
		B49AF3E0264ADF41004F5BB6 /* Build configuration list for PBXNativeTarget "CarImageCollectionsTests" */ = {
			isa = XCConfigurationList;
			buildConfigurations = (
				B49AF3E1264ADF41004F5BB6 /* Debug */,
				B49AF3E2264ADF41004F5BB6 /* Release */,
			);
			defaultConfigurationIsVisible = 0;
			defaultConfigurationName = Release;
		};
/* End XCConfigurationList section */
	};
	rootObject = B49AF3B2264ADC7E004F5BB6 /* Project object */;
}
