// !$*UTF8*$!
{
	archiveVersion = 1;
	classes = {
	};
	objectVersion = 50;
	objects = {

/* Begin PBXBuildFile section */
		B4175F772630735A0073792E /* AppDelegate.swift in Sources */ = {isa = PBXBuildFile; fileRef = B4175F762630735A0073792E /* AppDelegate.swift */; };
		B4175F792630735A0073792E /* SceneDelegate.swift in Sources */ = {isa = PBXBuildFile; fileRef = B4175F782630735A0073792E /* SceneDelegate.swift */; };
		B4175F7B2630735A0073792E /* SearchCityViewController.swift in Sources */ = {isa = PBXBuildFile; fileRef = B4175F7A2630735A0073792E /* SearchCityViewController.swift */; };
		B4175F802630735B0073792E /* Assets.xcassets in Resources */ = {isa = PBXBuildFile; fileRef = B4175F7F2630735B0073792E /* Assets.xcassets */; };
		B4175F832630735B0073792E /* LaunchScreen.storyboard in Resources */ = {isa = PBXBuildFile; fileRef = B4175F812630735B0073792E /* LaunchScreen.storyboard */; };
		B4175FA0263076C30073792E /* OpenWeatherButton.swift in Sources */ = {isa = PBXBuildFile; fileRef = B4175F9F263076C30073792E /* OpenWeatherButton.swift */; };
		B4175FA6263077F80073792E /* OpenWeatherTextField.swift in Sources */ = {isa = PBXBuildFile; fileRef = B4175FA5263077F80073792E /* OpenWeatherTextField.swift */; };
		B4175FAC26307A040073792E /* SearchCityViewControllerTests.swift in Sources */ = {isa = PBXBuildFile; fileRef = B4175FAB26307A040073792E /* SearchCityViewControllerTests.swift */; };
/* End PBXBuildFile section */

/* Begin PBXContainerItemProxy section */
		B4175F942630736B0073792E /* PBXContainerItemProxy */ = {
			isa = PBXContainerItemProxy;
			containerPortal = B4175F6B2630735A0073792E /* Project object */;
			proxyType = 1;
			remoteGlobalIDString = B4175F722630735A0073792E;
			remoteInfo = TDDOpenWeather;
		};
/* End PBXContainerItemProxy section */

/* Begin PBXFileReference section */
		B4175F732630735A0073792E /* TDDOpenWeather.app */ = {isa = PBXFileReference; explicitFileType = wrapper.application; includeInIndex = 0; path = TDDOpenWeather.app; sourceTree = BUILT_PRODUCTS_DIR; };
		B4175F762630735A0073792E /* AppDelegate.swift */ = {isa = PBXFileReference; lastKnownFileType = sourcecode.swift; path = AppDelegate.swift; sourceTree = "<group>"; };
		B4175F782630735A0073792E /* SceneDelegate.swift */ = {isa = PBXFileReference; lastKnownFileType = sourcecode.swift; path = SceneDelegate.swift; sourceTree = "<group>"; };
		B4175F7A2630735A0073792E /* SearchCityViewController.swift */ = {isa = PBXFileReference; lastKnownFileType = sourcecode.swift; path = SearchCityViewController.swift; sourceTree = "<group>"; };
		B4175F7F2630735B0073792E /* Assets.xcassets */ = {isa = PBXFileReference; lastKnownFileType = folder.assetcatalog; path = Assets.xcassets; sourceTree = "<group>"; };
		B4175F822630735B0073792E /* Base */ = {isa = PBXFileReference; lastKnownFileType = file.storyboard; name = Base; path = Base.lproj/LaunchScreen.storyboard; sourceTree = "<group>"; };
		B4175F842630735B0073792E /* Info.plist */ = {isa = PBXFileReference; lastKnownFileType = text.plist.xml; path = Info.plist; sourceTree = "<group>"; };
		B4175F8F2630736B0073792E /* TDDOpenWeatherTests.xctest */ = {isa = PBXFileReference; explicitFileType = wrapper.cfbundle; includeInIndex = 0; path = TDDOpenWeatherTests.xctest; sourceTree = BUILT_PRODUCTS_DIR; };
		B4175F932630736B0073792E /* Info.plist */ = {isa = PBXFileReference; lastKnownFileType = text.plist.xml; path = Info.plist; sourceTree = "<group>"; };
		B4175F9F263076C30073792E /* OpenWeatherButton.swift */ = {isa = PBXFileReference; lastKnownFileType = sourcecode.swift; path = OpenWeatherButton.swift; sourceTree = "<group>"; };
		B4175FA5263077F80073792E /* OpenWeatherTextField.swift */ = {isa = PBXFileReference; lastKnownFileType = sourcecode.swift; path = OpenWeatherTextField.swift; sourceTree = "<group>"; };
		B4175FAB26307A040073792E /* SearchCityViewControllerTests.swift */ = {isa = PBXFileReference; lastKnownFileType = sourcecode.swift; path = SearchCityViewControllerTests.swift; sourceTree = "<group>"; };
/* End PBXFileReference section */

/* Begin PBXFrameworksBuildPhase section */
		B4175F702630735A0073792E /* Frameworks */ = {
			isa = PBXFrameworksBuildPhase;
			buildActionMask = 2147483647;
			files = (
			);
			runOnlyForDeploymentPostprocessing = 0;
		};
		B4175F8C2630736B0073792E /* Frameworks */ = {
			isa = PBXFrameworksBuildPhase;
			buildActionMask = 2147483647;
			files = (
			);
			runOnlyForDeploymentPostprocessing = 0;
		};
/* End PBXFrameworksBuildPhase section */

/* Begin PBXGroup section */
		B4175F6A2630735A0073792E = {
			isa = PBXGroup;
			children = (
				B4175F752630735A0073792E /* TDDOpenWeather */,
				B4175F902630736B0073792E /* TDDOpenWeatherTests */,
				B4175F742630735A0073792E /* Products */,
			);
			sourceTree = "<group>";
		};
		B4175F742630735A0073792E /* Products */ = {
			isa = PBXGroup;
			children = (
				B4175F732630735A0073792E /* TDDOpenWeather.app */,
				B4175F8F2630736B0073792E /* TDDOpenWeatherTests.xctest */,
			);
			name = Products;
			sourceTree = "<group>";
		};
		B4175F752630735A0073792E /* TDDOpenWeather */ = {
			isa = PBXGroup;
			children = (
				B4175F9D263076A40073792E /* CustomViews */,
				B4175F762630735A0073792E /* AppDelegate.swift */,
				B4175F782630735A0073792E /* SceneDelegate.swift */,
				B4175F7A2630735A0073792E /* SearchCityViewController.swift */,
				B4175F7F2630735B0073792E /* Assets.xcassets */,
				B4175F812630735B0073792E /* LaunchScreen.storyboard */,
				B4175F842630735B0073792E /* Info.plist */,
			);
			path = TDDOpenWeather;
			sourceTree = "<group>";
		};
		B4175F902630736B0073792E /* TDDOpenWeatherTests */ = {
			isa = PBXGroup;
			children = (
				B4175F932630736B0073792E /* Info.plist */,
				B4175FAB26307A040073792E /* SearchCityViewControllerTests.swift */,
			);
			path = TDDOpenWeatherTests;
			sourceTree = "<group>";
		};
		B4175F9D263076A40073792E /* CustomViews */ = {
			isa = PBXGroup;
			children = (
				B4175F9F263076C30073792E /* OpenWeatherButton.swift */,
				B4175FA5263077F80073792E /* OpenWeatherTextField.swift */,
			);
			path = CustomViews;
			sourceTree = "<group>";
		};
/* End PBXGroup section */

/* Begin PBXNativeTarget section */
		B4175F722630735A0073792E /* TDDOpenWeather */ = {
			isa = PBXNativeTarget;
			buildConfigurationList = B4175F872630735B0073792E /* Build configuration list for PBXNativeTarget "TDDOpenWeather" */;
			buildPhases = (
				B4175F6F2630735A0073792E /* Sources */,
				B4175F702630735A0073792E /* Frameworks */,
				B4175F712630735A0073792E /* Resources */,
			);
			buildRules = (
			);
			dependencies = (
			);
			name = TDDOpenWeather;
			productName = TDDOpenWeather;
			productReference = B4175F732630735A0073792E /* TDDOpenWeather.app */;
			productType = "com.apple.product-type.application";
		};
		B4175F8E2630736B0073792E /* TDDOpenWeatherTests */ = {
			isa = PBXNativeTarget;
			buildConfigurationList = B4175F962630736B0073792E /* Build configuration list for PBXNativeTarget "TDDOpenWeatherTests" */;
			buildPhases = (
				B4175F8B2630736B0073792E /* Sources */,
				B4175F8C2630736B0073792E /* Frameworks */,
				B4175F8D2630736B0073792E /* Resources */,
			);
			buildRules = (
			);
			dependencies = (
				B4175F952630736B0073792E /* PBXTargetDependency */,
			);
			name = TDDOpenWeatherTests;
			productName = TDDOpenWeatherTests;
			productReference = B4175F8F2630736B0073792E /* TDDOpenWeatherTests.xctest */;
			productType = "com.apple.product-type.bundle.unit-test";
		};
/* End PBXNativeTarget section */

/* Begin PBXProject section */
		B4175F6B2630735A0073792E /* Project object */ = {
			isa = PBXProject;
			attributes = {
				LastSwiftUpdateCheck = 1240;
				LastUpgradeCheck = 1240;
				TargetAttributes = {
					B4175F722630735A0073792E = {
						CreatedOnToolsVersion = 12.4;
					};
					B4175F8E2630736B0073792E = {
						CreatedOnToolsVersion = 12.4;
						LastSwiftMigration = 1240;
						TestTargetID = B4175F722630735A0073792E;
					};
				};
			};
			buildConfigurationList = B4175F6E2630735A0073792E /* Build configuration list for PBXProject "TDDOpenWeather" */;
			compatibilityVersion = "Xcode 9.3";
			developmentRegion = en;
			hasScannedForEncodings = 0;
			knownRegions = (
				en,
				Base,
			);
			mainGroup = B4175F6A2630735A0073792E;
			productRefGroup = B4175F742630735A0073792E /* Products */;
			projectDirPath = "";
			projectRoot = "";
			targets = (
				B4175F722630735A0073792E /* TDDOpenWeather */,
				B4175F8E2630736B0073792E /* TDDOpenWeatherTests */,
			);
		};
/* End PBXProject section */

/* Begin PBXResourcesBuildPhase section */
		B4175F712630735A0073792E /* Resources */ = {
			isa = PBXResourcesBuildPhase;
			buildActionMask = 2147483647;
			files = (
				B4175F832630735B0073792E /* LaunchScreen.storyboard in Resources */,
				B4175F802630735B0073792E /* Assets.xcassets in Resources */,
			);
			runOnlyForDeploymentPostprocessing = 0;
		};
		B4175F8D2630736B0073792E /* Resources */ = {
			isa = PBXResourcesBuildPhase;
			buildActionMask = 2147483647;
			files = (
			);
			runOnlyForDeploymentPostprocessing = 0;
		};
/* End PBXResourcesBuildPhase section */

/* Begin PBXSourcesBuildPhase section */
		B4175F6F2630735A0073792E /* Sources */ = {
			isa = PBXSourcesBuildPhase;
			buildActionMask = 2147483647;
			files = (
				B4175FA0263076C30073792E /* OpenWeatherButton.swift in Sources */,
				B4175F7B2630735A0073792E /* SearchCityViewController.swift in Sources */,
				B4175F772630735A0073792E /* AppDelegate.swift in Sources */,
				B4175FA6263077F80073792E /* OpenWeatherTextField.swift in Sources */,
				B4175F792630735A0073792E /* SceneDelegate.swift in Sources */,
			);
			runOnlyForDeploymentPostprocessing = 0;
		};
		B4175F8B2630736B0073792E /* Sources */ = {
			isa = PBXSourcesBuildPhase;
			buildActionMask = 2147483647;
			files = (
				B4175FAC26307A040073792E /* SearchCityViewControllerTests.swift in Sources */,
			);
			runOnlyForDeploymentPostprocessing = 0;
		};
/* End PBXSourcesBuildPhase section */

/* Begin PBXTargetDependency section */
		B4175F952630736B0073792E /* PBXTargetDependency */ = {
			isa = PBXTargetDependency;
			target = B4175F722630735A0073792E /* TDDOpenWeather */;
			targetProxy = B4175F942630736B0073792E /* PBXContainerItemProxy */;
		};
/* End PBXTargetDependency section */

/* Begin PBXVariantGroup section */
		B4175F812630735B0073792E /* LaunchScreen.storyboard */ = {
			isa = PBXVariantGroup;
			children = (
				B4175F822630735B0073792E /* Base */,
			);
			name = LaunchScreen.storyboard;
			sourceTree = "<group>";
		};
/* End PBXVariantGroup section */

/* Begin XCBuildConfiguration section */
		B4175F852630735B0073792E /* Debug */ = {
			isa = XCBuildConfiguration;
			buildSettings = {
				ALWAYS_SEARCH_USER_PATHS = NO;
				CLANG_ANALYZER_NONNULL = YES;
				CLANG_ANALYZER_NUMBER_OBJECT_CONVERSION = YES_AGGRESSIVE;
				CLANG_CXX_LANGUAGE_STANDARD = "gnu++14";
				CLANG_CXX_LIBRARY = "libc++";
				CLANG_ENABLE_MODULES = YES;
				CLANG_ENABLE_OBJC_ARC = YES;
				CLANG_ENABLE_OBJC_WEAK = YES;
				CLANG_WARN_BLOCK_CAPTURE_AUTORELEASING = YES;
				CLANG_WARN_BOOL_CONVERSION = YES;
				CLANG_WARN_COMMA = YES;
				CLANG_WARN_CONSTANT_CONVERSION = YES;
				CLANG_WARN_DEPRECATED_OBJC_IMPLEMENTATIONS = YES;
				CLANG_WARN_DIRECT_OBJC_ISA_USAGE = YES_ERROR;
				CLANG_WARN_DOCUMENTATION_COMMENTS = YES;
				CLANG_WARN_EMPTY_BODY = YES;
				CLANG_WARN_ENUM_CONVERSION = YES;
				CLANG_WARN_INFINITE_RECURSION = YES;
				CLANG_WARN_INT_CONVERSION = YES;
				CLANG_WARN_NON_LITERAL_NULL_CONVERSION = YES;
				CLANG_WARN_OBJC_IMPLICIT_RETAIN_SELF = YES;
				CLANG_WARN_OBJC_LITERAL_CONVERSION = YES;
				CLANG_WARN_OBJC_ROOT_CLASS = YES_ERROR;
				CLANG_WARN_QUOTED_INCLUDE_IN_FRAMEWORK_HEADER = YES;
				CLANG_WARN_RANGE_LOOP_ANALYSIS = YES;
				CLANG_WARN_STRICT_PROTOTYPES = YES;
				CLANG_WARN_SUSPICIOUS_MOVE = YES;
				CLANG_WARN_UNGUARDED_AVAILABILITY = YES_AGGRESSIVE;
				CLANG_WARN_UNREACHABLE_CODE = YES;
				CLANG_WARN__DUPLICATE_METHOD_MATCH = YES;
				COPY_PHASE_STRIP = NO;
				DEBUG_INFORMATION_FORMAT = dwarf;
				ENABLE_STRICT_OBJC_MSGSEND = YES;
				ENABLE_TESTABILITY = YES;
				GCC_C_LANGUAGE_STANDARD = gnu11;
				GCC_DYNAMIC_NO_PIC = NO;
				GCC_NO_COMMON_BLOCKS = YES;
				GCC_OPTIMIZATION_LEVEL = 0;
				GCC_PREPROCESSOR_DEFINITIONS = (
					"DEBUG=1",
					"$(inherited)",
				);
				GCC_WARN_64_TO_32_BIT_CONVERSION = YES;
				GCC_WARN_ABOUT_RETURN_TYPE = YES_ERROR;
				GCC_WARN_UNDECLARED_SELECTOR = YES;
				GCC_WARN_UNINITIALIZED_AUTOS = YES_AGGRESSIVE;
				GCC_WARN_UNUSED_FUNCTION = YES;
				GCC_WARN_UNUSED_VARIABLE = YES;
				IPHONEOS_DEPLOYMENT_TARGET = 14.4;
				MTL_ENABLE_DEBUG_INFO = INCLUDE_SOURCE;
				MTL_FAST_MATH = YES;
				ONLY_ACTIVE_ARCH = YES;
				SDKROOT = iphoneos;
				SWIFT_ACTIVE_COMPILATION_CONDITIONS = DEBUG;
				SWIFT_OPTIMIZATION_LEVEL = "-Onone";
			};
			name = Debug;
		};
		B4175F862630735B0073792E /* Release */ = {
			isa = XCBuildConfiguration;
			buildSettings = {
				ALWAYS_SEARCH_USER_PATHS = NO;
				CLANG_ANALYZER_NONNULL = YES;
				CLANG_ANALYZER_NUMBER_OBJECT_CONVERSION = YES_AGGRESSIVE;
				CLANG_CXX_LANGUAGE_STANDARD = "gnu++14";
				CLANG_CXX_LIBRARY = "libc++";
				CLANG_ENABLE_MODULES = YES;
				CLANG_ENABLE_OBJC_ARC = YES;
				CLANG_ENABLE_OBJC_WEAK = YES;
				CLANG_WARN_BLOCK_CAPTURE_AUTORELEASING = YES;
				CLANG_WARN_BOOL_CONVERSION = YES;
				CLANG_WARN_COMMA = YES;
				CLANG_WARN_CONSTANT_CONVERSION = YES;
				CLANG_WARN_DEPRECATED_OBJC_IMPLEMENTATIONS = YES;
				CLANG_WARN_DIRECT_OBJC_ISA_USAGE = YES_ERROR;
				CLANG_WARN_DOCUMENTATION_COMMENTS = YES;
				CLANG_WARN_EMPTY_BODY = YES;
				CLANG_WARN_ENUM_CONVERSION = YES;
				CLANG_WARN_INFINITE_RECURSION = YES;
				CLANG_WARN_INT_CONVERSION = YES;
				CLANG_WARN_NON_LITERAL_NULL_CONVERSION = YES;
				CLANG_WARN_OBJC_IMPLICIT_RETAIN_SELF = YES;
				CLANG_WARN_OBJC_LITERAL_CONVERSION = YES;
				CLANG_WARN_OBJC_ROOT_CLASS = YES_ERROR;
				CLANG_WARN_QUOTED_INCLUDE_IN_FRAMEWORK_HEADER = YES;
				CLANG_WARN_RANGE_LOOP_ANALYSIS = YES;
				CLANG_WARN_STRICT_PROTOTYPES = YES;
				CLANG_WARN_SUSPICIOUS_MOVE = YES;
				CLANG_WARN_UNGUARDED_AVAILABILITY = YES_AGGRESSIVE;
				CLANG_WARN_UNREACHABLE_CODE = YES;
				CLANG_WARN__DUPLICATE_METHOD_MATCH = YES;
				COPY_PHASE_STRIP = NO;
				DEBUG_INFORMATION_FORMAT = "dwarf-with-dsym";
				ENABLE_NS_ASSERTIONS = NO;
				ENABLE_STRICT_OBJC_MSGSEND = YES;
				GCC_C_LANGUAGE_STANDARD = gnu11;
				GCC_NO_COMMON_BLOCKS = YES;
				GCC_WARN_64_TO_32_BIT_CONVERSION = YES;
				GCC_WARN_ABOUT_RETURN_TYPE = YES_ERROR;
				GCC_WARN_UNDECLARED_SELECTOR = YES;
				GCC_WARN_UNINITIALIZED_AUTOS = YES_AGGRESSIVE;
				GCC_WARN_UNUSED_FUNCTION = YES;
				GCC_WARN_UNUSED_VARIABLE = YES;
				IPHONEOS_DEPLOYMENT_TARGET = 14.4;
				MTL_ENABLE_DEBUG_INFO = NO;
				MTL_FAST_MATH = YES;
				SDKROOT = iphoneos;
				SWIFT_COMPILATION_MODE = wholemodule;
				SWIFT_OPTIMIZATION_LEVEL = "-O";
				VALIDATE_PRODUCT = YES;
			};
			name = Release;
		};
		B4175F882630735B0073792E /* Debug */ = {
			isa = XCBuildConfiguration;
			buildSettings = {
				ASSETCATALOG_COMPILER_APPICON_NAME = AppIcon;
				ASSETCATALOG_COMPILER_GLOBAL_ACCENT_COLOR_NAME = AccentColor;
				CODE_SIGN_STYLE = Automatic;
				DEVELOPMENT_TEAM = SK9D9HK9A2;
				INFOPLIST_FILE = TDDOpenWeather/Info.plist;
				LD_RUNPATH_SEARCH_PATHS = (
					"$(inherited)",
					"@executable_path/Frameworks",
				);
				PRODUCT_BUNDLE_IDENTIFIER = com.howift.TDDOpenWeather;
				PRODUCT_NAME = "$(TARGET_NAME)";
				SWIFT_VERSION = 5.0;
				TARGETED_DEVICE_FAMILY = "1,2";
			};
			name = Debug;
		};
		B4175F892630735B0073792E /* Release */ = {
			isa = XCBuildConfiguration;
			buildSettings = {
				ASSETCATALOG_COMPILER_APPICON_NAME = AppIcon;
				ASSETCATALOG_COMPILER_GLOBAL_ACCENT_COLOR_NAME = AccentColor;
				CODE_SIGN_STYLE = Automatic;
				DEVELOPMENT_TEAM = SK9D9HK9A2;
				INFOPLIST_FILE = TDDOpenWeather/Info.plist;
				LD_RUNPATH_SEARCH_PATHS = (
					"$(inherited)",
					"@executable_path/Frameworks",
				);
				PRODUCT_BUNDLE_IDENTIFIER = com.howift.TDDOpenWeather;
				PRODUCT_NAME = "$(TARGET_NAME)";
				SWIFT_VERSION = 5.0;
				TARGETED_DEVICE_FAMILY = "1,2";
			};
			name = Release;
		};
		B4175F972630736B0073792E /* Debug */ = {
			isa = XCBuildConfiguration;
			buildSettings = {
				BUNDLE_LOADER = "$(TEST_HOST)";
				CLANG_ENABLE_MODULES = YES;
				CODE_SIGN_STYLE = Automatic;
				DEVELOPMENT_TEAM = SK9D9HK9A2;
				INFOPLIST_FILE = TDDOpenWeatherTests/Info.plist;
				LD_RUNPATH_SEARCH_PATHS = (
					"$(inherited)",
					"@executable_path/Frameworks",
					"@loader_path/Frameworks",
				);
				PRODUCT_BUNDLE_IDENTIFIER = com.howift.TDDOpenWeatherTests;
				PRODUCT_NAME = "$(TARGET_NAME)";
				SWIFT_OPTIMIZATION_LEVEL = "-Onone";
				SWIFT_VERSION = 5.0;
				TARGETED_DEVICE_FAMILY = "1,2";
				TEST_HOST = "$(BUILT_PRODUCTS_DIR)/TDDOpenWeather.app/TDDOpenWeather";
			};
			name = Debug;
		};
		B4175F982630736B0073792E /* Release */ = {
			isa = XCBuildConfiguration;
			buildSettings = {
				BUNDLE_LOADER = "$(TEST_HOST)";
				CLANG_ENABLE_MODULES = YES;
				CODE_SIGN_STYLE = Automatic;
				DEVELOPMENT_TEAM = SK9D9HK9A2;
				INFOPLIST_FILE = TDDOpenWeatherTests/Info.plist;
				LD_RUNPATH_SEARCH_PATHS = (
					"$(inherited)",
					"@executable_path/Frameworks",
					"@loader_path/Frameworks",
				);
				PRODUCT_BUNDLE_IDENTIFIER = com.howift.TDDOpenWeatherTests;
				PRODUCT_NAME = "$(TARGET_NAME)";
				SWIFT_VERSION = 5.0;
				TARGETED_DEVICE_FAMILY = "1,2";
				TEST_HOST = "$(BUILT_PRODUCTS_DIR)/TDDOpenWeather.app/TDDOpenWeather";
			};
			name = Release;
		};
/* End XCBuildConfiguration section */

/* Begin XCConfigurationList section */
		B4175F6E2630735A0073792E /* Build configuration list for PBXProject "TDDOpenWeather" */ = {
			isa = XCConfigurationList;
			buildConfigurations = (
				B4175F852630735B0073792E /* Debug */,
				B4175F862630735B0073792E /* Release */,
			);
			defaultConfigurationIsVisible = 0;
			defaultConfigurationName = Release;
		};
		B4175F872630735B0073792E /* Build configuration list for PBXNativeTarget "TDDOpenWeather" */ = {
			isa = XCConfigurationList;
			buildConfigurations = (
				B4175F882630735B0073792E /* Debug */,
				B4175F892630735B0073792E /* Release */,
			);
			defaultConfigurationIsVisible = 0;
			defaultConfigurationName = Release;
		};
		B4175F962630736B0073792E /* Build configuration list for PBXNativeTarget "TDDOpenWeatherTests" */ = {
			isa = XCConfigurationList;
			buildConfigurations = (
				B4175F972630736B0073792E /* Debug */,
				B4175F982630736B0073792E /* Release */,
			);
			defaultConfigurationIsVisible = 0;
			defaultConfigurationName = Release;
		};
/* End XCConfigurationList section */
	};
	rootObject = B4175F6B2630735A0073792E /* Project object */;
}
